{
  "name": "my_pkg_js",
  "version": "1.0.0",
  "lockfileVersion": 1,
  "requires": true,
  "dependencies": {
    "dijkstrajs": {
      "version": "1.0.1",
      "resolved": "https://artifact.devsnc.com/content/groups/npm-all/dijkstrajs/-/dijkstrajs-1.0.1.tgz",
      "integrity": "sha1-082BIh4+pAdCz83lVtTpnpjdxxs="
    }
  }
}
